
Microsoft Visual Studio Solution File, Format Version 12.00
# Visual Studio Version 16
VisualStudioVersion = 16.0.31515.178
MinimumVisualStudioVersion = 10.0.40219.1
Project("{FAE04EC0-301F-11D3-BF4B-00C04F79EFBC}") = "VirtualCV", "VirtualCV\VirtualCV.csproj", "{81CEFD27-96D5-4450-9796-11D96CD1FF1B}"
EndProject
Global
	GlobalSection(SolutionConfigurationPlatforms) = preSolution
		Debug|Any CPU = Debug|Any CPU
		Release|Any CPU = Release|Any CPU
	EndGlobalSection
	GlobalSection(ProjectConfigurationPlatforms) = postSolution
		{81CEFD27-96D5-4450-9796-11D96CD1FF1B}.Debug|Any CPU.ActiveCfg = Debug|Any CPU
		{81CEFD27-96D5-4450-9796-11D96CD1FF1B}.Debug|Any CPU.Build.0 = Debug|Any CPU
		{81CEFD27-96D5-4450-9796-11D96CD1FF1B}.Release|Any CPU.ActiveCfg = Release|Any CPU
		{81CEFD27-96D5-4450-9796-11D96CD1FF1B}.Release|Any CPU.Build.0 = Release|Any CPU
	EndGlobalSection
	GlobalSection(SolutionProperties) = preSolution
		HideSolutionNode = FALSE
	EndGlobalSection
	GlobalSection(ExtensibilityGlobals) = postSolution
		SolutionGuid = {7B50E735-2711-471B-8C5C-D619A7AF2E9F}
	EndGlobalSection
EndGlobal
